
Microsoft Visual Studio Solution File, Format Version 12.00
# Visual Studio Version 16
VisualStudioVersion = 16.0.29230.47
MinimumVisualStudioVersion = 10.0.40219.1
Project("{FAE04EC0-301F-11D3-BF4B-00C04F79EFBC}") = "ConsoleAppParam", "ConsoleAppParam\ConsoleAppParam.csproj", "{E87FB1EC-215C-4C55-9FF8-2DA0D54BD1E5}"
EndProject
Project("{FAE04EC0-301F-11D3-BF4B-00C04F79EFBC}") = "ConsoleAppInherited", "ConsoleAppInherited\ConsoleAppInherited.csproj", "{ECDD91D8-29D4-4ACA-9CE4-F79E2C4F3EF5}"
EndProject
Global
	GlobalSection(SolutionConfigurationPlatforms) = preSolution
		Debug|Any CPU = Debug|Any CPU
		Release|Any CPU = Release|Any CPU
	EndGlobalSection
	GlobalSection(ProjectConfigurationPlatforms) = postSolution
		{E87FB1EC-215C-4C55-9FF8-2DA0D54BD1E5}.Debug|Any CPU.ActiveCfg = Debug|Any CPU
		{E87FB1EC-215C-4C55-9FF8-2DA0D54BD1E5}.Debug|Any CPU.Build.0 = Debug|Any CPU
		{E87FB1EC-215C-4C55-9FF8-2DA0D54BD1E5}.Release|Any CPU.ActiveCfg = Release|Any CPU
		{E87FB1EC-215C-4C55-9FF8-2DA0D54BD1E5}.Release|Any CPU.Build.0 = Release|Any CPU
		{ECDD91D8-29D4-4ACA-9CE4-F79E2C4F3EF5}.Debug|Any CPU.ActiveCfg = Debug|Any CPU
		{ECDD91D8-29D4-4ACA-9CE4-F79E2C4F3EF5}.Debug|Any CPU.Build.0 = Debug|Any CPU
		{ECDD91D8-29D4-4ACA-9CE4-F79E2C4F3EF5}.Release|Any CPU.ActiveCfg = Release|Any CPU
		{ECDD91D8-29D4-4ACA-9CE4-F79E2C4F3EF5}.Release|Any CPU.Build.0 = Release|Any CPU
	EndGlobalSection
	GlobalSection(SolutionProperties) = preSolution
		HideSolutionNode = FALSE
	EndGlobalSection
	GlobalSection(ExtensibilityGlobals) = postSolution
		SolutionGuid = {40E3A013-8971-4B22-862C-D31406867DEF}
	EndGlobalSection
EndGlobal
